
Microsoft Visual Studio Solution File, Format Version 12.00
# Visual Studio Version 16
VisualStudioVersion = 16.0.29926.136
MinimumVisualStudioVersion = 10.0.40219.1
Project("{FAE04EC0-301F-11D3-BF4B-00C04F79EFBC}") = "PhillipCapital.Android", "PhillipCapital\PhillipCapital.Android\PhillipCapital.Android.csproj", "{C575C033-A885-4A22-97F2-9F0A964ABDFB}"
EndProject
Project("{FAE04EC0-301F-11D3-BF4B-00C04F79EFBC}") = "PhillipCapital.iOS", "PhillipCapital\PhillipCapital.iOS\PhillipCapital.iOS.csproj", "{3F0707C8-ACF1-4156-AAA2-08E90E077F7D}"
EndProject
Project("{FAE04EC0-301F-11D3-BF4B-00C04F79EFBC}") = "PhillipCapital", "PhillipCapital\PhillipCapital\PhillipCapital.csproj", "{8CAF3EAB-496F-4650-B652-9AAC311F60BD}"
EndProject
Global
	GlobalSection(SolutionConfigurationPlatforms) = preSolution
		Debug|Any CPU = Debug|Any CPU
		Debug|iPhone = Debug|iPhone
		Debug|iPhoneSimulator = Debug|iPhoneSimulator
		Release|Any CPU = Release|Any CPU
		Release|iPhone = Release|iPhone
		Release|iPhoneSimulator = Release|iPhoneSimulator
	EndGlobalSection
	GlobalSection(ProjectConfigurationPlatforms) = postSolution
		{C575C033-A885-4A22-97F2-9F0A964ABDFB}.Debug|Any CPU.ActiveCfg = Debug|Any CPU
		{C575C033-A885-4A22-97F2-9F0A964ABDFB}.Debug|Any CPU.Build.0 = Debug|Any CPU
		{C575C033-A885-4A22-97F2-9F0A964ABDFB}.Debug|Any CPU.Deploy.0 = Debug|Any CPU
		{C575C033-A885-4A22-97F2-9F0A964ABDFB}.Debug|iPhone.ActiveCfg = Debug|Any CPU
		{C575C033-A885-4A22-97F2-9F0A964ABDFB}.Debug|iPhone.Build.0 = Debug|Any CPU
		{C575C033-A885-4A22-97F2-9F0A964ABDFB}.Debug|iPhone.Deploy.0 = Debug|Any CPU
		{C575C033-A885-4A22-97F2-9F0A964ABDFB}.Debug|iPhoneSimulator.ActiveCfg = Debug|Any CPU
		{C575C033-A885-4A22-97F2-9F0A964ABDFB}.Debug|iPhoneSimulator.Build.0 = Debug|Any CPU
		{C575C033-A885-4A22-97F2-9F0A964ABDFB}.Debug|iPhoneSimulator.Deploy.0 = Debug|Any CPU
		{C575C033-A885-4A22-97F2-9F0A964ABDFB}.Release|Any CPU.ActiveCfg = Release|Any CPU
		{C575C033-A885-4A22-97F2-9F0A964ABDFB}.Release|Any CPU.Build.0 = Release|Any CPU
		{C575C033-A885-4A22-97F2-9F0A964ABDFB}.Release|Any CPU.Deploy.0 = Release|Any CPU
		{C575C033-A885-4A22-97F2-9F0A964ABDFB}.Release|iPhone.ActiveCfg = Release|Any CPU
		{C575C033-A885-4A22-97F2-9F0A964ABDFB}.Release|iPhone.Build.0 = Release|Any CPU
		{C575C033-A885-4A22-97F2-9F0A964ABDFB}.Release|iPhone.Deploy.0 = Release|Any CPU
		{C575C033-A885-4A22-97F2-9F0A964ABDFB}.Release|iPhoneSimulator.ActiveCfg = Release|Any CPU
		{C575C033-A885-4A22-97F2-9F0A964ABDFB}.Release|iPhoneSimulator.Build.0 = Release|Any CPU
		{C575C033-A885-4A22-97F2-9F0A964ABDFB}.Release|iPhoneSimulator.Deploy.0 = Release|Any CPU
		{3F0707C8-ACF1-4156-AAA2-08E90E077F7D}.Debug|Any CPU.ActiveCfg = Debug|iPhone
		{3F0707C8-ACF1-4156-AAA2-08E90E077F7D}.Debug|Any CPU.Build.0 = Debug|iPhone
		{3F0707C8-ACF1-4156-AAA2-08E90E077F7D}.Debug|Any CPU.Deploy.0 = Debug|iPhone
		{3F0707C8-ACF1-4156-AAA2-08E90E077F7D}.Debug|iPhone.ActiveCfg = Debug|iPhone
		{3F0707C8-ACF1-4156-AAA2-08E90E077F7D}.Debug|iPhone.Build.0 = Debug|iPhone
		{3F0707C8-ACF1-4156-AAA2-08E90E077F7D}.Debug|iPhone.Deploy.0 = Debug|iPhone
		{3F0707C8-ACF1-4156-AAA2-08E90E077F7D}.Debug|iPhoneSimulator.ActiveCfg = Debug|iPhoneSimulator
		{3F0707C8-ACF1-4156-AAA2-08E90E077F7D}.Debug|iPhoneSimulator.Build.0 = Debug|iPhoneSimulator
		{3F0707C8-ACF1-4156-AAA2-08E90E077F7D}.Debug|iPhoneSimulator.Deploy.0 = Debug|iPhoneSimulator
		{3F0707C8-ACF1-4156-AAA2-08E90E077F7D}.Release|Any CPU.ActiveCfg = Release|iPhone
		{3F0707C8-ACF1-4156-AAA2-08E90E077F7D}.Release|Any CPU.Build.0 = Release|iPhone
		{3F0707C8-ACF1-4156-AAA2-08E90E077F7D}.Release|Any CPU.Deploy.0 = Release|iPhone
		{3F0707C8-ACF1-4156-AAA2-08E90E077F7D}.Release|iPhone.ActiveCfg = Release|iPhone
		{3F0707C8-ACF1-4156-AAA2-08E90E077F7D}.Release|iPhone.Build.0 = Release|iPhone
		{3F0707C8-ACF1-4156-AAA2-08E90E077F7D}.Release|iPhone.Deploy.0 = Release|iPhone
		{3F0707C8-ACF1-4156-AAA2-08E90E077F7D}.Release|iPhoneSimulator.ActiveCfg = Release|iPhoneSimulator
		{3F0707C8-ACF1-4156-AAA2-08E90E077F7D}.Release|iPhoneSimulator.Build.0 = Release|iPhoneSimulator
		{3F0707C8-ACF1-4156-AAA2-08E90E077F7D}.Release|iPhoneSimulator.Deploy.0 = Release|iPhoneSimulator
		{8CAF3EAB-496F-4650-B652-9AAC311F60BD}.Debug|Any CPU.ActiveCfg = Debug|Any CPU
		{8CAF3EAB-496F-4650-B652-9AAC311F60BD}.Debug|Any CPU.Build.0 = Debug|Any CPU
		{8CAF3EAB-496F-4650-B652-9AAC311F60BD}.Debug|Any CPU.Deploy.0 = Debug|Any CPU
		{8CAF3EAB-496F-4650-B652-9AAC311F60BD}.Debug|iPhone.ActiveCfg = Debug|Any CPU
		{8CAF3EAB-496F-4650-B652-9AAC311F60BD}.Debug|iPhone.Build.0 = Debug|Any CPU
		{8CAF3EAB-496F-4650-B652-9AAC311F60BD}.Debug|iPhone.Deploy.0 = Debug|Any CPU
		{8CAF3EAB-496F-4650-B652-9AAC311F60BD}.Debug|iPhoneSimulator.ActiveCfg = Debug|Any CPU
		{8CAF3EAB-496F-4650-B652-9AAC311F60BD}.Debug|iPhoneSimulator.Build.0 = Debug|Any CPU
		{8CAF3EAB-496F-4650-B652-9AAC311F60BD}.Debug|iPhoneSimulator.Deploy.0 = Debug|Any CPU
		{8CAF3EAB-496F-4650-B652-9AAC311F60BD}.Release|Any CPU.ActiveCfg = Release|Any CPU
		{8CAF3EAB-496F-4650-B652-9AAC311F60BD}.Release|Any CPU.Build.0 = Release|Any CPU
		{8CAF3EAB-496F-4650-B652-9AAC311F60BD}.Release|Any CPU.Deploy.0 = Release|Any CPU
		{8CAF3EAB-496F-4650-B652-9AAC311F60BD}.Release|iPhone.ActiveCfg = Release|Any CPU
		{8CAF3EAB-496F-4650-B652-9AAC311F60BD}.Release|iPhone.Build.0 = Release|Any CPU
		{8CAF3EAB-496F-4650-B652-9AAC311F60BD}.Release|iPhone.Deploy.0 = Release|Any CPU
		{8CAF3EAB-496F-4650-B652-9AAC311F60BD}.Release|iPhoneSimulator.ActiveCfg = Release|Any CPU
		{8CAF3EAB-496F-4650-B652-9AAC311F60BD}.Release|iPhoneSimulator.Build.0 = Release|Any CPU
		{8CAF3EAB-496F-4650-B652-9AAC311F60BD}.Release|iPhoneSimulator.Deploy.0 = Release|Any CPU
	EndGlobalSection
	GlobalSection(SolutionProperties) = preSolution
		HideSolutionNode = FALSE
	EndGlobalSection
	GlobalSection(ExtensibilityGlobals) = postSolution
		SolutionGuid = {3DBF7707-C3EF-4E0D-B8AF-98526FC88E0B}
	EndGlobalSection
EndGlobal
